// !$*UTF8*$!
{
	archiveVersion = 1;
	classes = {
	};
	objectVersion = 56;
	objects = {

/* Begin PBXBuildFile section */
		4677126C2A99B9FD00AC2E28 /* AppEntry.swift in Sources */ = {isa = PBXBuildFile; fileRef = 4677126B2A99B9FD00AC2E28 /* AppEntry.swift */; };
		4677126E2A99B9FD00AC2E28 /* StartView.swift in Sources */ = {isa = PBXBuildFile; fileRef = 4677126D2A99B9FD00AC2E28 /* StartView.swift */; };
		467712702A99BA0000AC2E28 /* Assets.xcassets in Resources */ = {isa = PBXBuildFile; fileRef = 4677126F2A99BA0000AC2E28 /* Assets.xcassets */; };
		467712732A99BA0000AC2E28 /* Preview Assets.xcassets in Resources */ = {isa = PBXBuildFile; fileRef = 467712722A99BA0000AC2E28 /* Preview Assets.xcassets */; };
		4677127C2A99BC5C00AC2E28 /* Launch Screen.storyboard in Resources */ = {isa = PBXBuildFile; fileRef = 4677127B2A99BC5C00AC2E28 /* Launch Screen.storyboard */; };
		4677127F2A99BEBE00AC2E28 /* GameModels.swift in Sources */ = {isa = PBXBuildFile; fileRef = 4677127E2A99BEBE00AC2E28 /* GameModels.swift */; };
		467712822A99C46400AC2E28 /* ViewModifiers.swift in Sources */ = {isa = PBXBuildFile; fileRef = 467712812A99C46400AC2E28 /* ViewModifiers.swift */; };
		467712852A99C58000AC2E28 /* GameView.swift in Sources */ = {isa = PBXBuildFile; fileRef = 467712842A99C58000AC2E28 /* GameView.swift */; };
		467712892A99D1FB00AC2E28 /* GameService.swift in Sources */ = {isa = PBXBuildFile; fileRef = 467712882A99D1FB00AC2E28 /* GameService.swift */; };
		4677128B2A99E55600AC2E28 /* GameSquare.swift in Sources */ = {isa = PBXBuildFile; fileRef = 4677128A2A99E55600AC2E28 /* GameSquare.swift */; };
		4677128D2A99E67300AC2E28 /* SquareView.swift in Sources */ = {isa = PBXBuildFile; fileRef = 4677128C2A99E67300AC2E28 /* SquareView.swift */; };
		4677128F2A99F24C00AC2E28 /* YourNameView.swift in Sources */ = {isa = PBXBuildFile; fileRef = 4677128E2A99F24C00AC2E28 /* YourNameView.swift */; };
		467712932A9A07C600AC2E28 /* MPConnectionManager.swift in Sources */ = {isa = PBXBuildFile; fileRef = 467712922A9A07C600AC2E28 /* MPConnectionManager.swift */; };
		467712952A9A0E8400AC2E28 /* MPGameMove.swift in Sources */ = {isa = PBXBuildFile; fileRef = 467712942A9A0E8400AC2E28 /* MPGameMove.swift */; };
		467712972A9A11D700AC2E28 /* MPPeersView.swift in Sources */ = {isa = PBXBuildFile; fileRef = 467712962A9A11D700AC2E28 /* MPPeersView.swift */; };
		468492B12AA09248004E1143 /* SquareViewFiveByFive.swift in Sources */ = {isa = PBXBuildFile; fileRef = 468492B02AA09248004E1143 /* SquareViewFiveByFive.swift */; };
		469DE2AB2A9C5E9F00D2B27C /* ThemeToggleButtonView.swift in Sources */ = {isa = PBXBuildFile; fileRef = 469DE2AA2A9C5E9F00D2B27C /* ThemeToggleButtonView.swift */; };
		469DE2AF2A9C7A6300D2B27C /* LeaderboardView.swift in Sources */ = {isa = PBXBuildFile; fileRef = 469DE2AE2A9C7A6300D2B27C /* LeaderboardView.swift */; };
		46B65CC02A9F4A4200B57C2A /* ViewController.swift in Sources */ = {isa = PBXBuildFile; fileRef = 46B65CBF2A9F4A4200B57C2A /* ViewController.swift */; };
		46C1FF542A9DE2A400B5F9EC /* GradientBackgroundView.swift in Sources */ = {isa = PBXBuildFile; fileRef = 46C1FF532A9DE2A400B5F9EC /* GradientBackgroundView.swift */; };
		46D563DA2AA054FE003130CE /* mixkit-game-level-completed-2059.wav in Resources */ = {isa = PBXBuildFile; fileRef = 46D563D62AA054FD003130CE /* mixkit-game-level-completed-2059.wav */; };
		46D563DB2AA054FE003130CE /* bgmusic.mp3 in Resources */ = {isa = PBXBuildFile; fileRef = 46D563D72AA054FD003130CE /* bgmusic.mp3 */; };
		46D563DC2AA054FE003130CE /* short-loading.mp3 in Resources */ = {isa = PBXBuildFile; fileRef = 46D563D82AA054FD003130CE /* short-loading.mp3 */; };
		46D563DD2AA054FE003130CE /* futuristic-logo-3-versions-149429.mp3 in Resources */ = {isa = PBXBuildFile; fileRef = 46D563D92AA054FE003130CE /* futuristic-logo-3-versions-149429.mp3 */; };
		46D563E02AA0572A003130CE /* FiveByFiveGameView.swift in Sources */ = {isa = PBXBuildFile; fileRef = 46D563DF2AA0572A003130CE /* FiveByFiveGameView.swift */; };
		A3D11E0B2AA5939100D5556A /* FiveByFiveGameSquare .swift in Sources */ = {isa = PBXBuildFile; fileRef = A3D11E0A2AA5939100D5556A /* FiveByFiveGameSquare .swift */; };
/* End PBXBuildFile section */

/* Begin PBXFileReference section */
		467712682A99B9FD00AC2E28 /* TicTacToe.app */ = {isa = PBXFileReference; explicitFileType = wrapper.application; includeInIndex = 0; path = TicTacToe.app; sourceTree = BUILT_PRODUCTS_DIR; };
		4677126B2A99B9FD00AC2E28 /* AppEntry.swift */ = {isa = PBXFileReference; lastKnownFileType = sourcecode.swift; path = AppEntry.swift; sourceTree = "<group>"; };
		4677126D2A99B9FD00AC2E28 /* StartView.swift */ = {isa = PBXFileReference; lastKnownFileType = sourcecode.swift; path = StartView.swift; sourceTree = "<group>"; };
		4677126F2A99BA0000AC2E28 /* Assets.xcassets */ = {isa = PBXFileReference; lastKnownFileType = folder.assetcatalog; path = Assets.xcassets; sourceTree = "<group>"; };
		467712722A99BA0000AC2E28 /* Preview Assets.xcassets */ = {isa = PBXFileReference; lastKnownFileType = folder.assetcatalog; path = "Preview Assets.xcassets"; sourceTree = "<group>"; };
		4677127B2A99BC5C00AC2E28 /* Launch Screen.storyboard */ = {isa = PBXFileReference; lastKnownFileType = file.storyboard; path = "Launch Screen.storyboard"; sourceTree = "<group>"; };
		4677127E2A99BEBE00AC2E28 /* GameModels.swift */ = {isa = PBXFileReference; lastKnownFileType = sourcecode.swift; path = GameModels.swift; sourceTree = "<group>"; };
		467712812A99C46400AC2E28 /* ViewModifiers.swift */ = {isa = PBXFileReference; lastKnownFileType = sourcecode.swift; path = ViewModifiers.swift; sourceTree = "<group>"; };
		467712842A99C58000AC2E28 /* GameView.swift */ = {isa = PBXFileReference; lastKnownFileType = sourcecode.swift; path = GameView.swift; sourceTree = "<group>"; };
		467712882A99D1FB00AC2E28 /* GameService.swift */ = {isa = PBXFileReference; lastKnownFileType = sourcecode.swift; path = GameService.swift; sourceTree = "<group>"; };
		4677128A2A99E55600AC2E28 /* GameSquare.swift */ = {isa = PBXFileReference; lastKnownFileType = sourcecode.swift; path = GameSquare.swift; sourceTree = "<group>"; };
		4677128C2A99E67300AC2E28 /* SquareView.swift */ = {isa = PBXFileReference; lastKnownFileType = sourcecode.swift; path = SquareView.swift; sourceTree = "<group>"; };
		4677128E2A99F24C00AC2E28 /* YourNameView.swift */ = {isa = PBXFileReference; lastKnownFileType = sourcecode.swift; path = YourNameView.swift; sourceTree = "<group>"; };
		467712902A9A06C000AC2E28 /* Info.plist */ = {isa = PBXFileReference; lastKnownFileType = text.plist; path = Info.plist; sourceTree = "<group>"; };
		467712922A9A07C600AC2E28 /* MPConnectionManager.swift */ = {isa = PBXFileReference; lastKnownFileType = sourcecode.swift; path = MPConnectionManager.swift; sourceTree = "<group>"; };
		467712942A9A0E8400AC2E28 /* MPGameMove.swift */ = {isa = PBXFileReference; lastKnownFileType = sourcecode.swift; path = MPGameMove.swift; sourceTree = "<group>"; };
		467712962A9A11D700AC2E28 /* MPPeersView.swift */ = {isa = PBXFileReference; lastKnownFileType = sourcecode.swift; path = MPPeersView.swift; sourceTree = "<group>"; };
		468492B02AA09248004E1143 /* SquareViewFiveByFive.swift */ = {isa = PBXFileReference; lastKnownFileType = sourcecode.swift; path = SquareViewFiveByFive.swift; sourceTree = "<group>"; };
		469DE2AA2A9C5E9F00D2B27C /* ThemeToggleButtonView.swift */ = {isa = PBXFileReference; lastKnownFileType = sourcecode.swift; path = ThemeToggleButtonView.swift; sourceTree = "<group>"; };
		469DE2AE2A9C7A6300D2B27C /* LeaderboardView.swift */ = {isa = PBXFileReference; lastKnownFileType = sourcecode.swift; path = LeaderboardView.swift; sourceTree = "<group>"; };
		46B65CBF2A9F4A4200B57C2A /* ViewController.swift */ = {isa = PBXFileReference; lastKnownFileType = sourcecode.swift; path = ViewController.swift; sourceTree = "<group>"; };
		46C1FF532A9DE2A400B5F9EC /* GradientBackgroundView.swift */ = {isa = PBXFileReference; lastKnownFileType = sourcecode.swift; path = GradientBackgroundView.swift; sourceTree = "<group>"; };
		46D563D62AA054FD003130CE /* mixkit-game-level-completed-2059.wav */ = {isa = PBXFileReference; lastKnownFileType = audio.wav; path = "mixkit-game-level-completed-2059.wav"; sourceTree = "<group>"; };
		46D563D72AA054FD003130CE /* bgmusic.mp3 */ = {isa = PBXFileReference; lastKnownFileType = audio.mp3; path = bgmusic.mp3; sourceTree = "<group>"; };
		46D563D82AA054FD003130CE /* short-loading.mp3 */ = {isa = PBXFileReference; lastKnownFileType = audio.mp3; path = "short-loading.mp3"; sourceTree = "<group>"; };
		46D563D92AA054FE003130CE /* futuristic-logo-3-versions-149429.mp3 */ = {isa = PBXFileReference; lastKnownFileType = audio.mp3; path = "futuristic-logo-3-versions-149429.mp3"; sourceTree = "<group>"; };
		46D563DF2AA0572A003130CE /* FiveByFiveGameView.swift */ = {isa = PBXFileReference; lastKnownFileType = sourcecode.swift; path = FiveByFiveGameView.swift; sourceTree = "<group>"; };
		A3D11E0A2AA5939100D5556A /* FiveByFiveGameSquare .swift */ = {isa = PBXFileReference; lastKnownFileType = sourcecode.swift; path = "FiveByFiveGameSquare .swift"; sourceTree = "<group>"; };
/* End PBXFileReference section */

/* Begin PBXFrameworksBuildPhase section */
		467712652A99B9FD00AC2E28 /* Frameworks */ = {
			isa = PBXFrameworksBuildPhase;
			buildActionMask = 2147483647;
			files = (
			);
			runOnlyForDeploymentPostprocessing = 0;
		};
/* End PBXFrameworksBuildPhase section */

/* Begin PBXGroup section */
		4677125F2A99B9FD00AC2E28 = {
			isa = PBXGroup;
			children = (
				4677126A2A99B9FD00AC2E28 /* TicTacToe */,
				467712692A99B9FD00AC2E28 /* Products */,
			);
			sourceTree = "<group>";
		};
		467712692A99B9FD00AC2E28 /* Products */ = {
			isa = PBXGroup;
			children = (
				467712682A99B9FD00AC2E28 /* TicTacToe.app */,
			);
			name = Products;
			sourceTree = "<group>";
		};
		4677126A2A99B9FD00AC2E28 /* TicTacToe */ = {
			isa = PBXGroup;
			children = (
				467712902A9A06C000AC2E28 /* Info.plist */,
				4677126B2A99B9FD00AC2E28 /* AppEntry.swift */,
				46B65CBF2A9F4A4200B57C2A /* ViewController.swift */,
				4677128E2A99F24C00AC2E28 /* YourNameView.swift */,
				4677126D2A99B9FD00AC2E28 /* StartView.swift */,
				4677127B2A99BC5C00AC2E28 /* Launch Screen.storyboard */,
				46D563DE2AA05522003130CE /* Sound */,
				467712832A99C56B00AC2E28 /* Game Screen */,
				467712802A99C44500AC2E28 /* Utilities */,
				4677127D2A99BE9900AC2E28 /* Models */,
				467712912A9A078F00AC2E28 /* MultiPeerConnectivity */,
				4677126F2A99BA0000AC2E28 /* Assets.xcassets */,
				467712712A99BA0000AC2E28 /* Preview Content */,
			);
			path = TicTacToe;
			sourceTree = "<group>";
		};
		467712712A99BA0000AC2E28 /* Preview Content */ = {
			isa = PBXGroup;
			children = (
				467712722A99BA0000AC2E28 /* Preview Assets.xcassets */,
			);
			path = "Preview Content";
			sourceTree = "<group>";
		};
		4677127D2A99BE9900AC2E28 /* Models */ = {
			isa = PBXGroup;
			children = (
				4677127E2A99BEBE00AC2E28 /* GameModels.swift */,
				4677128A2A99E55600AC2E28 /* GameSquare.swift */,
				A3D11E0A2AA5939100D5556A /* FiveByFiveGameSquare .swift */,
				467712882A99D1FB00AC2E28 /* GameService.swift */,
			);
			path = Models;
			sourceTree = "<group>";
		};
		467712802A99C44500AC2E28 /* Utilities */ = {
			isa = PBXGroup;
			children = (
				467712812A99C46400AC2E28 /* ViewModifiers.swift */,
			);
			path = Utilities;
			sourceTree = "<group>";
		};
		467712832A99C56B00AC2E28 /* Game Screen */ = {
			isa = PBXGroup;
			children = (
				467712842A99C58000AC2E28 /* GameView.swift */,
				46D563DF2AA0572A003130CE /* FiveByFiveGameView.swift */,
				46C1FF532A9DE2A400B5F9EC /* GradientBackgroundView.swift */,
				468492B02AA09248004E1143 /* SquareViewFiveByFive.swift */,
				469DE2AE2A9C7A6300D2B27C /* LeaderboardView.swift */,
				4677128C2A99E67300AC2E28 /* SquareView.swift */,
				469DE2AA2A9C5E9F00D2B27C /* ThemeToggleButtonView.swift */,
			);
			path = "Game Screen";
			sourceTree = "<group>";
		};
		467712912A9A078F00AC2E28 /* MultiPeerConnectivity */ = {
			isa = PBXGroup;
			children = (
				467712922A9A07C600AC2E28 /* MPConnectionManager.swift */,
				467712942A9A0E8400AC2E28 /* MPGameMove.swift */,
				467712962A9A11D700AC2E28 /* MPPeersView.swift */,
			);
			path = MultiPeerConnectivity;
			sourceTree = "<group>";
		};
		46D563DE2AA05522003130CE /* Sound */ = {
			isa = PBXGroup;
			children = (
				46D563D72AA054FD003130CE /* bgmusic.mp3 */,
				46D563D92AA054FE003130CE /* futuristic-logo-3-versions-149429.mp3 */,
				46D563D62AA054FD003130CE /* mixkit-game-level-completed-2059.wav */,
				46D563D82AA054FD003130CE /* short-loading.mp3 */,
			);
			path = Sound;
			sourceTree = "<group>";
		};
/* End PBXGroup section */

/* Begin PBXNativeTarget section */
		467712672A99B9FD00AC2E28 /* TicTacToe */ = {
			isa = PBXNativeTarget;
			buildConfigurationList = 467712762A99BA0000AC2E28 /* Build configuration list for PBXNativeTarget "TicTacToe" */;
			buildPhases = (
				467712642A99B9FD00AC2E28 /* Sources */,
				467712652A99B9FD00AC2E28 /* Frameworks */,
				467712662A99B9FD00AC2E28 /* Resources */,
			);
			buildRules = (
			);
			dependencies = (
			);
			name = TicTacToe;
			productName = TicTacToe;
			productReference = 467712682A99B9FD00AC2E28 /* TicTacToe.app */;
			productType = "com.apple.product-type.application";
		};
/* End PBXNativeTarget section */

/* Begin PBXProject section */
		467712602A99B9FD00AC2E28 /* Project object */ = {
			isa = PBXProject;
			attributes = {
				BuildIndependentTargetsInParallel = 1;
				LastSwiftUpdateCheck = 1430;
				LastUpgradeCheck = 1430;
				TargetAttributes = {
					467712672A99B9FD00AC2E28 = {
						CreatedOnToolsVersion = 14.3.1;
					};
				};
			};
			buildConfigurationList = 467712632A99B9FD00AC2E28 /* Build configuration list for PBXProject "TicTacToe" */;
			compatibilityVersion = "Xcode 14.0";
			developmentRegion = en;
			hasScannedForEncodings = 0;
			knownRegions = (
				en,
				Base,
			);
			mainGroup = 4677125F2A99B9FD00AC2E28;
			productRefGroup = 467712692A99B9FD00AC2E28 /* Products */;
			projectDirPath = "";
			projectRoot = "";
			targets = (
				467712672A99B9FD00AC2E28 /* TicTacToe */,
			);
		};
/* End PBXProject section */

/* Begin PBXResourcesBuildPhase section */
		467712662A99B9FD00AC2E28 /* Resources */ = {
			isa = PBXResourcesBuildPhase;
			buildActionMask = 2147483647;
			files = (
				46D563DB2AA054FE003130CE /* bgmusic.mp3 in Resources */,
				4677127C2A99BC5C00AC2E28 /* Launch Screen.storyboard in Resources */,
				46D563DC2AA054FE003130CE /* short-loading.mp3 in Resources */,
				46D563DD2AA054FE003130CE /* futuristic-logo-3-versions-149429.mp3 in Resources */,
				46D563DA2AA054FE003130CE /* mixkit-game-level-completed-2059.wav in Resources */,
				467712732A99BA0000AC2E28 /* Preview Assets.xcassets in Resources */,
				467712702A99BA0000AC2E28 /* Assets.xcassets in Resources */,
			);
			runOnlyForDeploymentPostprocessing = 0;
		};
/* End PBXResourcesBuildPhase section */

/* Begin PBXSourcesBuildPhase section */
		467712642A99B9FD00AC2E28 /* Sources */ = {
			isa = PBXSourcesBuildPhase;
			buildActionMask = 2147483647;
			files = (
				467712952A9A0E8400AC2E28 /* MPGameMove.swift in Sources */,
				4677128F2A99F24C00AC2E28 /* YourNameView.swift in Sources */,
				4677126E2A99B9FD00AC2E28 /* StartView.swift in Sources */,
				4677127F2A99BEBE00AC2E28 /* GameModels.swift in Sources */,
				4677126C2A99B9FD00AC2E28 /* AppEntry.swift in Sources */,
				467712892A99D1FB00AC2E28 /* GameService.swift in Sources */,
				467712822A99C46400AC2E28 /* ViewModifiers.swift in Sources */,
				467712972A9A11D700AC2E28 /* MPPeersView.swift in Sources */,
				468492B12AA09248004E1143 /* SquareViewFiveByFive.swift in Sources */,
				46D563E02AA0572A003130CE /* FiveByFiveGameView.swift in Sources */,
				469DE2AB2A9C5E9F00D2B27C /* ThemeToggleButtonView.swift in Sources */,
				46C1FF542A9DE2A400B5F9EC /* GradientBackgroundView.swift in Sources */,
				469DE2AF2A9C7A6300D2B27C /* LeaderboardView.swift in Sources */,
				467712932A9A07C600AC2E28 /* MPConnectionManager.swift in Sources */,
				467712852A99C58000AC2E28 /* GameView.swift in Sources */,
				A3D11E0B2AA5939100D5556A /* FiveByFiveGameSquare .swift in Sources */,
				4677128B2A99E55600AC2E28 /* GameSquare.swift in Sources */,
				46B65CC02A9F4A4200B57C2A /* ViewController.swift in Sources */,
				4677128D2A99E67300AC2E28 /* SquareView.swift in Sources */,
			);
			runOnlyForDeploymentPostprocessing = 0;
		};
/* End PBXSourcesBuildPhase section */

/* Begin XCBuildConfiguration section */
		467712742A99BA0000AC2E28 /* Debug */ = {
			isa = XCBuildConfiguration;
			buildSettings = {
				ALWAYS_SEARCH_USER_PATHS = NO;
				CLANG_ANALYZER_NONNULL = YES;
				CLANG_ANALYZER_NUMBER_OBJECT_CONVERSION = YES_AGGRESSIVE;
				CLANG_CXX_LANGUAGE_STANDARD = "gnu++20";
				CLANG_ENABLE_MODULES = YES;
				CLANG_ENABLE_OBJC_ARC = YES;
				CLANG_ENABLE_OBJC_WEAK = YES;
				CLANG_WARN_BLOCK_CAPTURE_AUTORELEASING = YES;
				CLANG_WARN_BOOL_CONVERSION = YES;
				CLANG_WARN_COMMA = YES;
				CLANG_WARN_CONSTANT_CONVERSION = YES;
				CLANG_WARN_DEPRECATED_OBJC_IMPLEMENTATIONS = YES;
				CLANG_WARN_DIRECT_OBJC_ISA_USAGE = YES_ERROR;
				CLANG_WARN_DOCUMENTATION_COMMENTS = YES;
				CLANG_WARN_EMPTY_BODY = YES;
				CLANG_WARN_ENUM_CONVERSION = YES;
				CLANG_WARN_INFINITE_RECURSION = YES;
				CLANG_WARN_INT_CONVERSION = YES;
				CLANG_WARN_NON_LITERAL_NULL_CONVERSION = YES;
				CLANG_WARN_OBJC_IMPLICIT_RETAIN_SELF = YES;
				CLANG_WARN_OBJC_LITERAL_CONVERSION = YES;
				CLANG_WARN_OBJC_ROOT_CLASS = YES_ERROR;
				CLANG_WARN_QUOTED_INCLUDE_IN_FRAMEWORK_HEADER = YES;
				CLANG_WARN_RANGE_LOOP_ANALYSIS = YES;
				CLANG_WARN_STRICT_PROTOTYPES = YES;
				CLANG_WARN_SUSPICIOUS_MOVE = YES;
				CLANG_WARN_UNGUARDED_AVAILABILITY = YES_AGGRESSIVE;
				CLANG_WARN_UNREACHABLE_CODE = YES;
				CLANG_WARN__DUPLICATE_METHOD_MATCH = YES;
				COPY_PHASE_STRIP = NO;
				DEBUG_INFORMATION_FORMAT = dwarf;
				ENABLE_STRICT_OBJC_MSGSEND = YES;
				ENABLE_TESTABILITY = YES;
				GCC_C_LANGUAGE_STANDARD = gnu11;
				GCC_DYNAMIC_NO_PIC = NO;
				GCC_NO_COMMON_BLOCKS = YES;
				GCC_OPTIMIZATION_LEVEL = 0;
				GCC_PREPROCESSOR_DEFINITIONS = (
					"DEBUG=1",
					"$(inherited)",
				);
				GCC_WARN_64_TO_32_BIT_CONVERSION = YES;
				GCC_WARN_ABOUT_RETURN_TYPE = YES_ERROR;
				GCC_WARN_UNDECLARED_SELECTOR = YES;
				GCC_WARN_UNINITIALIZED_AUTOS = YES_AGGRESSIVE;
				GCC_WARN_UNUSED_FUNCTION = YES;
				GCC_WARN_UNUSED_VARIABLE = YES;
				IPHONEOS_DEPLOYMENT_TARGET = 16.4;
				MTL_ENABLE_DEBUG_INFO = INCLUDE_SOURCE;
				MTL_FAST_MATH = YES;
				ONLY_ACTIVE_ARCH = YES;
				SDKROOT = iphoneos;
				SWIFT_ACTIVE_COMPILATION_CONDITIONS = DEBUG;
				SWIFT_OPTIMIZATION_LEVEL = "-Onone";
			};
			name = Debug;
		};
		467712752A99BA0000AC2E28 /* Release */ = {
			isa = XCBuildConfiguration;
			buildSettings = {
				ALWAYS_SEARCH_USER_PATHS = NO;
				CLANG_ANALYZER_NONNULL = YES;
				CLANG_ANALYZER_NUMBER_OBJECT_CONVERSION = YES_AGGRESSIVE;
				CLANG_CXX_LANGUAGE_STANDARD = "gnu++20";
				CLANG_ENABLE_MODULES = YES;
				CLANG_ENABLE_OBJC_ARC = YES;
				CLANG_ENABLE_OBJC_WEAK = YES;
				CLANG_WARN_BLOCK_CAPTURE_AUTORELEASING = YES;
				CLANG_WARN_BOOL_CONVERSION = YES;
				CLANG_WARN_COMMA = YES;
				CLANG_WARN_CONSTANT_CONVERSION = YES;
				CLANG_WARN_DEPRECATED_OBJC_IMPLEMENTATIONS = YES;
				CLANG_WARN_DIRECT_OBJC_ISA_USAGE = YES_ERROR;
				CLANG_WARN_DOCUMENTATION_COMMENTS = YES;
				CLANG_WARN_EMPTY_BODY = YES;
				CLANG_WARN_ENUM_CONVERSION = YES;
				CLANG_WARN_INFINITE_RECURSION = YES;
				CLANG_WARN_INT_CONVERSION = YES;
				CLANG_WARN_NON_LITERAL_NULL_CONVERSION = YES;
				CLANG_WARN_OBJC_IMPLICIT_RETAIN_SELF = YES;
				CLANG_WARN_OBJC_LITERAL_CONVERSION = YES;
				CLANG_WARN_OBJC_ROOT_CLASS = YES_ERROR;
				CLANG_WARN_QUOTED_INCLUDE_IN_FRAMEWORK_HEADER = YES;
				CLANG_WARN_RANGE_LOOP_ANALYSIS = YES;
				CLANG_WARN_STRICT_PROTOTYPES = YES;
				CLANG_WARN_SUSPICIOUS_MOVE = YES;
				CLANG_WARN_UNGUARDED_AVAILABILITY = YES_AGGRESSIVE;
				CLANG_WARN_UNREACHABLE_CODE = YES;
				CLANG_WARN__DUPLICATE_METHOD_MATCH = YES;
				COPY_PHASE_STRIP = NO;
				DEBUG_INFORMATION_FORMAT = "dwarf-with-dsym";
				ENABLE_NS_ASSERTIONS = NO;
				ENABLE_STRICT_OBJC_MSGSEND = YES;
				GCC_C_LANGUAGE_STANDARD = gnu11;
				GCC_NO_COMMON_BLOCKS = YES;
				GCC_WARN_64_TO_32_BIT_CONVERSION = YES;
				GCC_WARN_ABOUT_RETURN_TYPE = YES_ERROR;
				GCC_WARN_UNDECLARED_SELECTOR = YES;
				GCC_WARN_UNINITIALIZED_AUTOS = YES_AGGRESSIVE;
				GCC_WARN_UNUSED_FUNCTION = YES;
				GCC_WARN_UNUSED_VARIABLE = YES;
				IPHONEOS_DEPLOYMENT_TARGET = 16.4;
				MTL_ENABLE_DEBUG_INFO = NO;
				MTL_FAST_MATH = YES;
				SDKROOT = iphoneos;
				SWIFT_COMPILATION_MODE = wholemodule;
				SWIFT_OPTIMIZATION_LEVEL = "-O";
				VALIDATE_PRODUCT = YES;
			};
			name = Release;
		};
		467712772A99BA0000AC2E28 /* Debug */ = {
			isa = XCBuildConfiguration;
			buildSettings = {
				ASSETCATALOG_COMPILER_APPICON_NAME = AppIcon;
				ASSETCATALOG_COMPILER_GLOBAL_ACCENT_COLOR_NAME = AccentColor;
				CODE_SIGN_STYLE = Automatic;
				CURRENT_PROJECT_VERSION = 1;
				DEVELOPMENT_ASSET_PATHS = "\"TicTacToe/Preview Content\"";
				DEVELOPMENT_TEAM = HTYW6LJUAR;
				ENABLE_PREVIEWS = YES;
				GENERATE_INFOPLIST_FILE = YES;
				INFOPLIST_FILE = TicTacToe/Info.plist;
				INFOPLIST_KEY_NSLocalNetworkUsageDescription = "Would like to play Tic Tac Toe";
				INFOPLIST_KEY_UIApplicationSceneManifest_Generation = YES;
				INFOPLIST_KEY_UIApplicationSupportsIndirectInputEvents = YES;
				INFOPLIST_KEY_UILaunchScreen_Generation = YES;
				INFOPLIST_KEY_UILaunchStoryboardName = "Launch Screen.storyboard";
				INFOPLIST_KEY_UISupportedInterfaceOrientations = UIInterfaceOrientationPortrait;
				INFOPLIST_KEY_UISupportedInterfaceOrientations_iPad = "UIInterfaceOrientationLandscapeLeft UIInterfaceOrientationLandscapeRight UIInterfaceOrientationPortrait UIInterfaceOrientationPortraitUpsideDown";
				IPHONEOS_DEPLOYMENT_TARGET = 15.0;
				LD_RUNPATH_SEARCH_PATHS = (
					"$(inherited)",
					"@executable_path/Frameworks",
				);
				MARKETING_VERSION = 1.0;
				PRODUCT_BUNDLE_IDENTIFIER = vn.edu.rmit.TicTacToe;
				PRODUCT_NAME = "$(TARGET_NAME)";
				SWIFT_EMIT_LOC_STRINGS = YES;
				SWIFT_VERSION = 5.0;
				TARGETED_DEVICE_FAMILY = "1,2";
			};
			name = Debug;
		};
		467712782A99BA0000AC2E28 /* Release */ = {
			isa = XCBuildConfiguration;
			buildSettings = {
				ASSETCATALOG_COMPILER_APPICON_NAME = AppIcon;
				ASSETCATALOG_COMPILER_GLOBAL_ACCENT_COLOR_NAME = AccentColor;
				CODE_SIGN_STYLE = Automatic;
				CURRENT_PROJECT_VERSION = 1;
				DEVELOPMENT_ASSET_PATHS = "\"TicTacToe/Preview Content\"";
				DEVELOPMENT_TEAM = HTYW6LJUAR;
				ENABLE_PREVIEWS = YES;
				GENERATE_INFOPLIST_FILE = YES;
				INFOPLIST_FILE = TicTacToe/Info.plist;
				INFOPLIST_KEY_NSLocalNetworkUsageDescription = "Would like to play Tic Tac Toe";
				INFOPLIST_KEY_UIApplicationSceneManifest_Generation = YES;
				INFOPLIST_KEY_UIApplicationSupportsIndirectInputEvents = YES;
				INFOPLIST_KEY_UILaunchScreen_Generation = YES;
				INFOPLIST_KEY_UILaunchStoryboardName = "Launch Screen.storyboard";
				INFOPLIST_KEY_UISupportedInterfaceOrientations = UIInterfaceOrientationPortrait;
				INFOPLIST_KEY_UISupportedInterfaceOrientations_iPad = "UIInterfaceOrientationLandscapeLeft UIInterfaceOrientationLandscapeRight UIInterfaceOrientationPortrait UIInterfaceOrientationPortraitUpsideDown";
				IPHONEOS_DEPLOYMENT_TARGET = 15.0;
				LD_RUNPATH_SEARCH_PATHS = (
					"$(inherited)",
					"@executable_path/Frameworks",
				);
				MARKETING_VERSION = 1.0;
				PRODUCT_BUNDLE_IDENTIFIER = vn.edu.rmit.TicTacToe;
				PRODUCT_NAME = "$(TARGET_NAME)";
				SWIFT_EMIT_LOC_STRINGS = YES;
				SWIFT_VERSION = 5.0;
				TARGETED_DEVICE_FAMILY = "1,2";
			};
			name = Release;
		};
/* End XCBuildConfiguration section */

/* Begin XCConfigurationList section */
		467712632A99B9FD00AC2E28 /* Build configuration list for PBXProject "TicTacToe" */ = {
			isa = XCConfigurationList;
			buildConfigurations = (
				467712742A99BA0000AC2E28 /* Debug */,
				467712752A99BA0000AC2E28 /* Release */,
			);
			defaultConfigurationIsVisible = 0;
			defaultConfigurationName = Release;
		};
		467712762A99BA0000AC2E28 /* Build configuration list for PBXNativeTarget "TicTacToe" */ = {
			isa = XCConfigurationList;
			buildConfigurations = (
				467712772A99BA0000AC2E28 /* Debug */,
				467712782A99BA0000AC2E28 /* Release */,
			);
			defaultConfigurationIsVisible = 0;
			defaultConfigurationName = Release;
		};
/* End XCConfigurationList section */
	};
	rootObject = 467712602A99B9FD00AC2E28 /* Project object */;
}
